
Microsoft Visual Studio Solution File, Format Version 12.00
# Visual Studio Version 16
VisualStudioVersion = 16.0.29102.190
MinimumVisualStudioVersion = 10.0.40219.1
Project("{9A19103F-16F7-4668-BE54-9A1E7A4F7556}") = "advent-of-code-2019", "advent-of-code-2019\advent-of-code-2019.csproj", "{E5276CAB-0466-49F6-8AE6-87FED5003DD4}"
EndProject
Project("{FAE04EC0-301F-11D3-BF4B-00C04F79EFBC}") = "advent-of-code-2019-tests", "advent-of-code-2019-tests\advent-of-code-2019-tests.csproj", "{1D69A5E0-02EB-49AE-95AB-4504FCB30F55}"
EndProject
Global
	GlobalSection(SolutionConfigurationPlatforms) = preSolution
		Debug|Any CPU = Debug|Any CPU
		Release|Any CPU = Release|Any CPU
	EndGlobalSection
	GlobalSection(ProjectConfigurationPlatforms) = postSolution
		{E5276CAB-0466-49F6-8AE6-87FED5003DD4}.Debug|Any CPU.ActiveCfg = Debug|Any CPU
		{E5276CAB-0466-49F6-8AE6-87FED5003DD4}.Debug|Any CPU.Build.0 = Debug|Any CPU
		{E5276CAB-0466-49F6-8AE6-87FED5003DD4}.Release|Any CPU.ActiveCfg = Release|Any CPU
		{E5276CAB-0466-49F6-8AE6-87FED5003DD4}.Release|Any CPU.Build.0 = Release|Any CPU
		{1D69A5E0-02EB-49AE-95AB-4504FCB30F55}.Debug|Any CPU.ActiveCfg = Debug|Any CPU
		{1D69A5E0-02EB-49AE-95AB-4504FCB30F55}.Debug|Any CPU.Build.0 = Debug|Any CPU
		{1D69A5E0-02EB-49AE-95AB-4504FCB30F55}.Release|Any CPU.ActiveCfg = Release|Any CPU
		{1D69A5E0-02EB-49AE-95AB-4504FCB30F55}.Release|Any CPU.Build.0 = Release|Any CPU
	EndGlobalSection
	GlobalSection(SolutionProperties) = preSolution
		HideSolutionNode = FALSE
	EndGlobalSection
	GlobalSection(ExtensibilityGlobals) = postSolution
		SolutionGuid = {756C596D-23F0-44D5-AEF0-16F058D6DB44}
	EndGlobalSection
EndGlobal
